
Microsoft Visual Studio Solution File, Format Version 12.00
# Visual Studio Version 17
VisualStudioVersion = 17.9.34622.214
MinimumVisualStudioVersion = 10.0.40219.1
Project("{FAE04EC0-301F-11D3-BF4B-00C04F79EFBC}") = "WordsReplace", "WordsReplace.csproj", "{95F8A0DD-A7E2-4AFC-BFAC-EB1090F01712}"
EndProject
Global
	GlobalSection(SolutionConfigurationPlatforms) = preSolution
		Debug|Any CPU = Debug|Any CPU
		Release|Any CPU = Release|Any CPU
	EndGlobalSection
	GlobalSection(ProjectConfigurationPlatforms) = postSolution
		{95F8A0DD-A7E2-4AFC-BFAC-EB1090F01712}.Debug|Any CPU.ActiveCfg = Debug|Any CPU
		{95F8A0DD-A7E2-4AFC-BFAC-EB1090F01712}.Debug|Any CPU.Build.0 = Debug|Any CPU
		{95F8A0DD-A7E2-4AFC-BFAC-EB1090F01712}.Release|Any CPU.ActiveCfg = Release|Any CPU
		{95F8A0DD-A7E2-4AFC-BFAC-EB1090F01712}.Release|Any CPU.Build.0 = Release|Any CPU
	EndGlobalSection
	GlobalSection(SolutionProperties) = preSolution
		HideSolutionNode = FALSE
	EndGlobalSection
	GlobalSection(ExtensibilityGlobals) = postSolution
		SolutionGuid = {7F221580-77A0-49E2-A821-5BA635933A60}
	EndGlobalSection
EndGlobal
